
Microsoft Visual Studio Solution File, Format Version 12.00
# Visual Studio Version 17
VisualStudioVersion = 17.1.32210.238
MinimumVisualStudioVersion = 10.0.40219.1
Project("{FAE04EC0-301F-11D3-BF4B-00C04F79EFBC}") = "SoldierTask_Weekday", "SoldierTask_Weekday\SoldierTask_Weekday.csproj", "{72EFE919-D653-4451-BA50-1A13D2D73CE6}"
EndProject
Global
	GlobalSection(SolutionConfigurationPlatforms) = preSolution
		Debug|Any CPU = Debug|Any CPU
		Release|Any CPU = Release|Any CPU
	EndGlobalSection
	GlobalSection(ProjectConfigurationPlatforms) = postSolution
		{72EFE919-D653-4451-BA50-1A13D2D73CE6}.Debug|Any CPU.ActiveCfg = Debug|Any CPU
		{72EFE919-D653-4451-BA50-1A13D2D73CE6}.Debug|Any CPU.Build.0 = Debug|Any CPU
		{72EFE919-D653-4451-BA50-1A13D2D73CE6}.Release|Any CPU.ActiveCfg = Release|Any CPU
		{72EFE919-D653-4451-BA50-1A13D2D73CE6}.Release|Any CPU.Build.0 = Release|Any CPU
	EndGlobalSection
	GlobalSection(SolutionProperties) = preSolution
		HideSolutionNode = FALSE
	EndGlobalSection
	GlobalSection(ExtensibilityGlobals) = postSolution
		SolutionGuid = {D8603795-8DE2-493A-B07C-6AE2E5C30E66}
	EndGlobalSection
EndGlobal
